PODS:
  - app_tracking_transparency (0.0.1):
    - Flutter
  - Flutter (1.0.0)
  - purchases_flutter (9.8.0):
    - Flutter
    - PurchasesHybridCommon (= 17.10.0)
  - PurchasesHybridCommon (17.10.0):
    - RevenueCat (= 5.43.0)
  - RevenueCat (5.43.0)
  - shared_preferences_foundation (0.0.1):
    - Flutter
    - FlutterMacOS

DEPENDENCIES:
  - app_tracking_transparency (from `.symlinks/plugins/app_tracking_transparency/ios`)
  - Flutter (from `Flutter`)
  - purchases_flutter (from `.symlinks/plugins/purchases_flutter/ios`)
  - shared_preferences_foundation (from `.symlinks/plugins/shared_preferences_foundation/darwin`)

SPEC REPOS:
  trunk:
    - PurchasesHybridCommon
    - RevenueCat

EXTERNAL SOURCES:
  app_tracking_transparency:
    :path: ".symlinks/plugins/app_tracking_transparency/ios"
  Flutter:
    :path: Flutter
  purchases_flutter:
    :path: ".symlinks/plugins/purchases_flutter/ios"
  shared_preferences_foundation:
    :path: ".symlinks/plugins/shared_preferences_foundation/darwin"

SPEC CHECKSUMS:
  app_tracking_transparency: 3d84f147f67ca82d3c15355c36b1fa6b66ca7c92
  Flutter: cabc95a1d2626b1b06e7179b784ebcf0c0cde467
  purchases_flutter: a5cdfe4efd74e1beb23a069d02f960efdbf327dd
  PurchasesHybridCommon: b7b4eafb55fbaaac19b4c36d4082657a3f0d8490
  RevenueCat: a51003d4cb33820cc504cf177c627832b462a98e
  shared_preferences_foundation: 9e1978ff2562383bd5676f64ec4e9aa8fa06a6f7

PODFILE CHECKSUM: 251cb053df7158f337c0712f2ab29f4e0fa474ce

COCOAPODS: 1.16.2
